<?xml version="1.0" encoding="utf-8"?>
<Project ToolsVersion="4.0" xmlns="http://schemas.microsoft.com/developer/msbuild/2003">
  <ItemGroup>
    <Filter Include="Source Files">
      <UniqueIdentifier>{4FC737F1-C7A5-4376-A066-2A32D752A2FF}</UniqueIdentifier>
      <Extensions>cpp;c;cc;cxx;c++;def;odl;idl;hpj;bat;asm;asmx</Extensions>
    </Filter>
    <Filter Include="Header Files">
      <UniqueIdentifier>{93995380-89BD-4b04-88EB-625FBE52EBFB}</UniqueIdentifier>
      <Extensions>h;hh;hpp;hxx;h++;hm;inl;inc;ipp;xsd</Extensions>
    </Filter>
    <Filter Include="Resource Files">
      <UniqueIdentifier>{67DA6AB6-F800-4c08-8B7A-83BB121AAD01}</UniqueIdentifier>
      <Extensions>rc;ico;cur;bmp;dlg;rc2;rct;bin;rgs;gif;jpg;jpeg;jpe;resx;tiff;tif;png;wav;mfcribbon-ms</Extensions>
    </Filter>
  </ItemGroup>
  <ItemGroup>
    <ClCompile Include="src\main.cpp">
      <Filter>Source Files</Filter>
    </ClCompile>
    <ClCompile Include="src\viewer.cpp">
      <Filter>Source Files</Filter>
    </ClCompile>
    <ClCompile Include="src\element.cpp">
      <Filter>Source Files</Filter>
    </ClCompile>
    <ClCompile Include="src\materialmodel.cpp">
      <Filter>Source Files</Filter>
    </ClCompile>
    <ClCompile Include="src\energy.cpp">
      <Filter>Source Files</Filter>
    </ClCompile>
    <ClCompile Include="src\solver.cpp">
      <Filter>Source Files</Filter>
    </ClCompile>
    <ClCompile Include="src\invariant.cpp">
      <Filter>Source Files</Filter>
    </ClCompile>
    <ClCompile Include="src\util.cpp">
      <Filter>Source Files</Filter>
    </ClCompile>
    <ClCompile Include="src\deformationgradient.cpp">
      <Filter>Source Files</Filter>
    </ClCompile>
    <ClCompile Include="src\linesearch.cpp">
      <Filter>Source Files</Filter>
    </ClCompile>
    <ClCompile Include="src\tetrahedralmesh.cpp">
      <Filter>Source Files</Filter>
    </ClCompile>
    <ClCompile Include="src\constraint.cpp">
      <Filter>Source Files</Filter>
    </ClCompile>
    <ClCompile Include="src\evaluationmetric.cpp">
      <Filter>Source Files</Filter>
    </ClCompile>
    <ClCompile Include="src\meshsampler.cpp">
      <Filter>Source Files</Filter>
    </ClCompile>
    <ClCompile Include="src\experiments.cpp">
      <Filter>Source Files</Filter>
    </ClCompile>
    <ClCompile Include="src\scene.cpp">
      <Filter>Source Files</Filter>
    </ClCompile>
  </ItemGroup>
  <ItemGroup>
    <ClInclude Include="src\viewer.h">
      <Filter>Source Files</Filter>
    </ClInclude>
    <ClInclude Include="src\element.h">
      <Filter>Source Files</Filter>
    </ClInclude>
    <ClInclude Include="src\materialmodel.h">
      <Filter>Source Files</Filter>
    </ClInclude>
    <ClInclude Include="src\solver.h">
      <Filter>Source Files</Filter>
    </ClInclude>
    <ClInclude Include="src\energy.h">
      <Filter>Source Files</Filter>
    </ClInclude>
    <ClInclude Include="src\invariant.h">
      <Filter>Source Files</Filter>
    </ClInclude>
    <ClInclude Include="src\util.h">
      <Filter>Source Files</Filter>
    </ClInclude>
    <ClInclude Include="src\deformationgradient.h">
      <Filter>Source Files</Filter>
    </ClInclude>
    <ClInclude Include="src\testcases.h">
      <Filter>Source Files</Filter>
    </ClInclude>
    <ClInclude Include="src\linesearch.h">
      <Filter>Source Files</Filter>
    </ClInclude>
    <ClInclude Include="src\optimizationmethods.h">
      <Filter>Source Files</Filter>
    </ClInclude>
    <ClInclude Include="src\tetrahedralmesh.h">
      <Filter>Source Files</Filter>
    </ClInclude>
    <ClInclude Include="src\evaluationmetric.h">
      <Filter>Source Files</Filter>
    </ClInclude>
    <ClInclude Include="src\parametersearch.h">
      <Filter>Source Files</Filter>
    </ClInclude>
    <ClInclude Include="src\constraint.h">
      <Filter>Source Files</Filter>
    </ClInclude>
    <ClInclude Include="src\meshsampler.h">
      <Filter>Source Files</Filter>
    </ClInclude>
    <ClInclude Include="src\experiments.h">
      <Filter>Source Files</Filter>
    </ClInclude>
    <ClInclude Include="src\matlab.h">
      <Filter>Source Files</Filter>
    </ClInclude>
    <ClInclude Include="src\scene.h">
      <Filter>Source Files</Filter>
    </ClInclude>
  </ItemGroup>
</Project>